
Microsoft Visual Studio Solution File, Format Version 12.00
# Visual Studio Version 16
VisualStudioVersion = 16.0.31729.503
MinimumVisualStudioVersion = 10.0.40219.1
Project("{FAE04EC0-301F-11D3-BF4B-00C04F79EFBC}") = "WebAppJokes", "WebAppJokes\WebAppJokes.csproj", "{7E18A438-2533-4A62-B08F-5D631DA69B28}"
EndProject
Project("{FAE04EC0-301F-11D3-BF4B-00C04F79EFBC}") = "WebAppJokes.Tests", "WebAppJokes.Tests\WebAppJokes.Tests.csproj", "{171A2E0A-CE67-443B-B292-42C232DCD57F}"
EndProject
Global
	GlobalSection(SolutionConfigurationPlatforms) = preSolution
		Debug|Any CPU = Debug|Any CPU
		Release|Any CPU = Release|Any CPU
	EndGlobalSection
	GlobalSection(ProjectConfigurationPlatforms) = postSolution
		{7E18A438-2533-4A62-B08F-5D631DA69B28}.Debug|Any CPU.ActiveCfg = Debug|Any CPU
		{7E18A438-2533-4A62-B08F-5D631DA69B28}.Debug|Any CPU.Build.0 = Debug|Any CPU
		{7E18A438-2533-4A62-B08F-5D631DA69B28}.Release|Any CPU.ActiveCfg = Release|Any CPU
		{7E18A438-2533-4A62-B08F-5D631DA69B28}.Release|Any CPU.Build.0 = Release|Any CPU
		{171A2E0A-CE67-443B-B292-42C232DCD57F}.Debug|Any CPU.ActiveCfg = Debug|Any CPU
		{171A2E0A-CE67-443B-B292-42C232DCD57F}.Debug|Any CPU.Build.0 = Debug|Any CPU
		{171A2E0A-CE67-443B-B292-42C232DCD57F}.Release|Any CPU.ActiveCfg = Release|Any CPU
		{171A2E0A-CE67-443B-B292-42C232DCD57F}.Release|Any CPU.Build.0 = Release|Any CPU
	EndGlobalSection
	GlobalSection(SolutionProperties) = preSolution
		HideSolutionNode = FALSE
	EndGlobalSection
	GlobalSection(ExtensibilityGlobals) = postSolution
		SolutionGuid = {82B4BA6B-7818-40C2-BC50-E39FF28DDF37}
	EndGlobalSection
EndGlobal
